// !$*UTF8*$!
{
	archiveVersion = 1;
	classes = {
	};
	objectVersion = 55;
	objects = {

/* Begin PBXBuildFile section */
		1FB39B748D361A434EFFB049 /* Pods_Food_Around.framework in Frameworks */ = {isa = PBXBuildFile; fileRef = 3D7C9510311AD532F81DB6C1 /* Pods_Food_Around.framework */; };
		FC788E5E29545CA100425AB7 /* LocationFormViewController.swift in Sources */ = {isa = PBXBuildFile; fileRef = FC788E5C29545CA100425AB7 /* LocationFormViewController.swift */; };
		FC788E5F29545CA100425AB7 /* LocationFormViewController.xib in Resources */ = {isa = PBXBuildFile; fileRef = FC788E5D29545CA100425AB7 /* LocationFormViewController.xib */; };
		FC788E612955B1A500425AB7 /* HomeViewModel.swift in Sources */ = {isa = PBXBuildFile; fileRef = FC788E602955B1A400425AB7 /* HomeViewModel.swift */; };
		FC8D0B4B29506A7F00B229FA /* SignUpViewController.swift in Sources */ = {isa = PBXBuildFile; fileRef = FC8D0B4929506A7F00B229FA /* SignUpViewController.swift */; };
		FC8D0B4C29506A7F00B229FA /* SignUpViewController.xib in Resources */ = {isa = PBXBuildFile; fileRef = FC8D0B4A29506A7F00B229FA /* SignUpViewController.xib */; };
		FC8D0B50295157B100B229FA /* BaseController.swift in Sources */ = {isa = PBXBuildFile; fileRef = FC8D0B4F295157B100B229FA /* BaseController.swift */; };
		FC8D0B5429515D1A00B229FA /* OTPViewController.swift in Sources */ = {isa = PBXBuildFile; fileRef = FC8D0B5229515D1A00B229FA /* OTPViewController.swift */; };
		FC8D0B5529515D1A00B229FA /* OTPViewController.xib in Resources */ = {isa = PBXBuildFile; fileRef = FC8D0B5329515D1A00B229FA /* OTPViewController.xib */; };
		FC8D0B592952ACF500B229FA /* HomeViewController.swift in Sources */ = {isa = PBXBuildFile; fileRef = FC8D0B572952ACF500B229FA /* HomeViewController.swift */; };
		FC8D0B5A2952ACF500B229FA /* HomeViewController.xib in Resources */ = {isa = PBXBuildFile; fileRef = FC8D0B582952ACF500B229FA /* HomeViewController.xib */; };
		FC8D0B5D2952B5A700B229FA /* CommonConstants.swift in Sources */ = {isa = PBXBuildFile; fileRef = FC8D0B5C2952B5A700B229FA /* CommonConstants.swift */; };
		FCA38CCC295047C500CD8832 /* AppDelegate.swift in Sources */ = {isa = PBXBuildFile; fileRef = FCA38CCB295047C500CD8832 /* AppDelegate.swift */; };
		FCA38CCE295047C500CD8832 /* SceneDelegate.swift in Sources */ = {isa = PBXBuildFile; fileRef = FCA38CCD295047C500CD8832 /* SceneDelegate.swift */; };
		FCA38CD5295047C800CD8832 /* Assets.xcassets in Resources */ = {isa = PBXBuildFile; fileRef = FCA38CD4295047C800CD8832 /* Assets.xcassets */; };
		FCA38CD8295047C800CD8832 /* LaunchScreen.storyboard in Resources */ = {isa = PBXBuildFile; fileRef = FCA38CD6295047C800CD8832 /* LaunchScreen.storyboard */; };
		FCA38CE329504B6800CD8832 /* SignInViewController.swift in Sources */ = {isa = PBXBuildFile; fileRef = FCA38CE129504B6800CD8832 /* SignInViewController.swift */; };
		FCA38CE429504B6800CD8832 /* SignInViewController.xib in Resources */ = {isa = PBXBuildFile; fileRef = FCA38CE229504B6800CD8832 /* SignInViewController.xib */; };
		FCB661B0295944CF00ABB8A8 /* LocationFormViewModel.swift in Sources */ = {isa = PBXBuildFile; fileRef = FCB661AF295944CF00ABB8A8 /* LocationFormViewModel.swift */; };
		FCB661B22959790200ABB8A8 /* CustomTextField.swift in Sources */ = {isa = PBXBuildFile; fileRef = FCB661B12959790200ABB8A8 /* CustomTextField.swift */; };
		FCB661B5295A91E000ABB8A8 /* BaseService.swift in Sources */ = {isa = PBXBuildFile; fileRef = FCB661B4295A91E000ABB8A8 /* BaseService.swift */; };
		FCB661B7295A99CF00ABB8A8 /* UserDefaults+Ext.swift in Sources */ = {isa = PBXBuildFile; fileRef = FCB661B6295A99CF00ABB8A8 /* UserDefaults+Ext.swift */; };
		FCB661BA295A9CAA00ABB8A8 /* UserInfo.swift in Sources */ = {isa = PBXBuildFile; fileRef = FCB661B9295A9CAA00ABB8A8 /* UserInfo.swift */; };
		FCB661BC295AA06800ABB8A8 /* ResponseMain.swift in Sources */ = {isa = PBXBuildFile; fileRef = FCB661BB295AA06800ABB8A8 /* ResponseMain.swift */; };
		FCB661BE295AA12200ABB8A8 /* ServiceConstants.swift in Sources */ = {isa = PBXBuildFile; fileRef = FCB661BD295AA12200ABB8A8 /* ServiceConstants.swift */; };
		FCB661C0295AC58500ABB8A8 /* AuthService.swift in Sources */ = {isa = PBXBuildFile; fileRef = FCB661BF295AC58500ABB8A8 /* AuthService.swift */; };
		FCB661C2295AC77A00ABB8A8 /* SignUpViewModel.swift in Sources */ = {isa = PBXBuildFile; fileRef = FCB661C1295AC77A00ABB8A8 /* SignUpViewModel.swift */; };
/* End PBXBuildFile section */

/* Begin PBXFileReference section */
		3D7C9510311AD532F81DB6C1 /* Pods_Food_Around.framework */ = {isa = PBXFileReference; explicitFileType = wrapper.framework; includeInIndex = 0; path = Pods_Food_Around.framework; sourceTree = BUILT_PRODUCTS_DIR; };
		699C59006C6AA96194B49B92 /* Pods-Food Around.release.xcconfig */ = {isa = PBXFileReference; includeInIndex = 1; lastKnownFileType = text.xcconfig; name = "Pods-Food Around.release.xcconfig"; path = "Target Support Files/Pods-Food Around/Pods-Food Around.release.xcconfig"; sourceTree = "<group>"; };
		6EBE40A509065DE69B1C928C /* Pods-Food Around.debug.xcconfig */ = {isa = PBXFileReference; includeInIndex = 1; lastKnownFileType = text.xcconfig; name = "Pods-Food Around.debug.xcconfig"; path = "Target Support Files/Pods-Food Around/Pods-Food Around.debug.xcconfig"; sourceTree = "<group>"; };
		FC788E5C29545CA100425AB7 /* LocationFormViewController.swift */ = {isa = PBXFileReference; lastKnownFileType = sourcecode.swift; path = LocationFormViewController.swift; sourceTree = "<group>"; };
		FC788E5D29545CA100425AB7 /* LocationFormViewController.xib */ = {isa = PBXFileReference; lastKnownFileType = file.xib; path = LocationFormViewController.xib; sourceTree = "<group>"; };
		FC788E602955B1A400425AB7 /* HomeViewModel.swift */ = {isa = PBXFileReference; lastKnownFileType = sourcecode.swift; path = HomeViewModel.swift; sourceTree = "<group>"; };
		FC8D0B4929506A7F00B229FA /* SignUpViewController.swift */ = {isa = PBXFileReference; lastKnownFileType = sourcecode.swift; path = SignUpViewController.swift; sourceTree = "<group>"; };
		FC8D0B4A29506A7F00B229FA /* SignUpViewController.xib */ = {isa = PBXFileReference; lastKnownFileType = file.xib; path = SignUpViewController.xib; sourceTree = "<group>"; };
		FC8D0B4F295157B100B229FA /* BaseController.swift */ = {isa = PBXFileReference; lastKnownFileType = sourcecode.swift; path = BaseController.swift; sourceTree = "<group>"; };
		FC8D0B5229515D1A00B229FA /* OTPViewController.swift */ = {isa = PBXFileReference; lastKnownFileType = sourcecode.swift; path = OTPViewController.swift; sourceTree = "<group>"; };
		FC8D0B5329515D1A00B229FA /* OTPViewController.xib */ = {isa = PBXFileReference; lastKnownFileType = file.xib; path = OTPViewController.xib; sourceTree = "<group>"; };
		FC8D0B572952ACF500B229FA /* HomeViewController.swift */ = {isa = PBXFileReference; lastKnownFileType = sourcecode.swift; path = HomeViewController.swift; sourceTree = "<group>"; };
		FC8D0B582952ACF500B229FA /* HomeViewController.xib */ = {isa = PBXFileReference; lastKnownFileType = file.xib; path = HomeViewController.xib; sourceTree = "<group>"; };
		FC8D0B5C2952B5A700B229FA /* CommonConstants.swift */ = {isa = PBXFileReference; lastKnownFileType = sourcecode.swift; path = CommonConstants.swift; sourceTree = "<group>"; };
		FCA38CC8295047C500CD8832 /* Food Around.app */ = {isa = PBXFileReference; explicitFileType = wrapper.application; includeInIndex = 0; path = "Food Around.app"; sourceTree = BUILT_PRODUCTS_DIR; };
		FCA38CCB295047C500CD8832 /* AppDelegate.swift */ = {isa = PBXFileReference; lastKnownFileType = sourcecode.swift; path = AppDelegate.swift; sourceTree = "<group>"; };
		FCA38CCD295047C500CD8832 /* SceneDelegate.swift */ = {isa = PBXFileReference; lastKnownFileType = sourcecode.swift; path = SceneDelegate.swift; sourceTree = "<group>"; };
		FCA38CD4295047C800CD8832 /* Assets.xcassets */ = {isa = PBXFileReference; lastKnownFileType = folder.assetcatalog; path = Assets.xcassets; sourceTree = "<group>"; };
		FCA38CD7295047C800CD8832 /* Base */ = {isa = PBXFileReference; lastKnownFileType = file.storyboard; name = Base; path = Base.lproj/LaunchScreen.storyboard; sourceTree = "<group>"; };
		FCA38CD9295047C800CD8832 /* Info.plist */ = {isa = PBXFileReference; lastKnownFileType = text.plist.xml; path = Info.plist; sourceTree = "<group>"; };
		FCA38CE129504B6800CD8832 /* SignInViewController.swift */ = {isa = PBXFileReference; lastKnownFileType = sourcecode.swift; path = SignInViewController.swift; sourceTree = "<group>"; };
		FCA38CE229504B6800CD8832 /* SignInViewController.xib */ = {isa = PBXFileReference; lastKnownFileType = file.xib; path = SignInViewController.xib; sourceTree = "<group>"; };
		FCB661AF295944CF00ABB8A8 /* LocationFormViewModel.swift */ = {isa = PBXFileReference; lastKnownFileType = sourcecode.swift; path = LocationFormViewModel.swift; sourceTree = "<group>"; };
		FCB661B12959790200ABB8A8 /* CustomTextField.swift */ = {isa = PBXFileReference; lastKnownFileType = sourcecode.swift; path = CustomTextField.swift; sourceTree = "<group>"; };
		FCB661B4295A91E000ABB8A8 /* BaseService.swift */ = {isa = PBXFileReference; lastKnownFileType = sourcecode.swift; path = BaseService.swift; sourceTree = "<group>"; };
		FCB661B6295A99CF00ABB8A8 /* UserDefaults+Ext.swift */ = {isa = PBXFileReference; lastKnownFileType = sourcecode.swift; path = "UserDefaults+Ext.swift"; sourceTree = "<group>"; };
		FCB661B9295A9CAA00ABB8A8 /* UserInfo.swift */ = {isa = PBXFileReference; lastKnownFileType = sourcecode.swift; path = UserInfo.swift; sourceTree = "<group>"; };
		FCB661BB295AA06800ABB8A8 /* ResponseMain.swift */ = {isa = PBXFileReference; lastKnownFileType = sourcecode.swift; path = ResponseMain.swift; sourceTree = "<group>"; };
		FCB661BD295AA12200ABB8A8 /* ServiceConstants.swift */ = {isa = PBXFileReference; lastKnownFileType = sourcecode.swift; path = ServiceConstants.swift; sourceTree = "<group>"; };
		FCB661BF295AC58500ABB8A8 /* AuthService.swift */ = {isa = PBXFileReference; lastKnownFileType = sourcecode.swift; path = AuthService.swift; sourceTree = "<group>"; };
		FCB661C1295AC77A00ABB8A8 /* SignUpViewModel.swift */ = {isa = PBXFileReference; lastKnownFileType = sourcecode.swift; path = SignUpViewModel.swift; sourceTree = "<group>"; };
/* End PBXFileReference section */

/* Begin PBXFrameworksBuildPhase section */
		FCA38CC5295047C500CD8832 /* Frameworks */ = {
			isa = PBXFrameworksBuildPhase;
			buildActionMask = 2147483647;
			files = (
				1FB39B748D361A434EFFB049 /* Pods_Food_Around.framework in Frameworks */,
			);
			runOnlyForDeploymentPostprocessing = 0;
		};
/* End PBXFrameworksBuildPhase section */

/* Begin PBXGroup section */
		9E842558E4F8C0AB322B0C07 /* Frameworks */ = {
			isa = PBXGroup;
			children = (
				3D7C9510311AD532F81DB6C1 /* Pods_Food_Around.framework */,
			);
			name = Frameworks;
			sourceTree = "<group>";
		};
		C55B3529DFCE47D169235DF5 /* Pods */ = {
			isa = PBXGroup;
			children = (
				6EBE40A509065DE69B1C928C /* Pods-Food Around.debug.xcconfig */,
				699C59006C6AA96194B49B92 /* Pods-Food Around.release.xcconfig */,
			);
			path = Pods;
			sourceTree = "<group>";
		};
		FC788E56295405C400425AB7 /* Extensions */ = {
			isa = PBXGroup;
			children = (
				FCB661B12959790200ABB8A8 /* CustomTextField.swift */,
				FCB661B6295A99CF00ABB8A8 /* UserDefaults+Ext.swift */,
			);
			path = Extensions;
			sourceTree = "<group>";
		};
		FC788E5B29545BCD00425AB7 /* LocationForm */ = {
			isa = PBXGroup;
			children = (
				FC788E5C29545CA100425AB7 /* LocationFormViewController.swift */,
				FCB661AF295944CF00ABB8A8 /* LocationFormViewModel.swift */,
				FC788E5D29545CA100425AB7 /* LocationFormViewController.xib */,
			);
			path = LocationForm;
			sourceTree = "<group>";
		};
		FC8D0B4D29506A8500B229FA /* SignUp */ = {
			isa = PBXGroup;
			children = (
				FC8D0B4929506A7F00B229FA /* SignUpViewController.swift */,
				FCB661C1295AC77A00ABB8A8 /* SignUpViewModel.swift */,
				FC8D0B4A29506A7F00B229FA /* SignUpViewController.xib */,
			);
			path = SignUp;
			sourceTree = "<group>";
		};
		FC8D0B4E2951576600B229FA /* Supports */ = {
			isa = PBXGroup;
			children = (
				FC8D0B4F295157B100B229FA /* BaseController.swift */,
			);
			path = Supports;
			sourceTree = "<group>";
		};
		FC8D0B5129515CFD00B229FA /* OTP */ = {
			isa = PBXGroup;
			children = (
				FC8D0B5229515D1A00B229FA /* OTPViewController.swift */,
				FC8D0B5329515D1A00B229FA /* OTPViewController.xib */,
			);
			name = OTP;
			sourceTree = "<group>";
		};
		FC8D0B562952ACD600B229FA /* Home */ = {
			isa = PBXGroup;
			children = (
				FC8D0B572952ACF500B229FA /* HomeViewController.swift */,
				FC788E602955B1A400425AB7 /* HomeViewModel.swift */,
				FC8D0B582952ACF500B229FA /* HomeViewController.xib */,
			);
			path = Home;
			sourceTree = "<group>";
		};
		FC8D0B5B2952B59400B229FA /* Constants */ = {
			isa = PBXGroup;
			children = (
				FC8D0B5C2952B5A700B229FA /* CommonConstants.swift */,
				FCB661BD295AA12200ABB8A8 /* ServiceConstants.swift */,
			);
			path = Constants;
			sourceTree = "<group>";
		};
		FCA38CBF295047C500CD8832 = {
			isa = PBXGroup;
			children = (
				FCA38CCA295047C500CD8832 /* Food Around */,
				FCA38CC9295047C500CD8832 /* Products */,
				C55B3529DFCE47D169235DF5 /* Pods */,
				9E842558E4F8C0AB322B0C07 /* Frameworks */,
			);
			sourceTree = "<group>";
		};
		FCA38CC9295047C500CD8832 /* Products */ = {
			isa = PBXGroup;
			children = (
				FCA38CC8295047C500CD8832 /* Food Around.app */,
			);
			name = Products;
			sourceTree = "<group>";
		};
		FCA38CCA295047C500CD8832 /* Food Around */ = {
			isa = PBXGroup;
			children = (
				FCA38CE029504B2300CD8832 /* Application */,
				FC8D0B5B2952B59400B229FA /* Constants */,
				FC788E56295405C400425AB7 /* Extensions */,
				FCA38CDF29504B0600CD8832 /* Modules */,
				FCB661B8295A9C7300ABB8A8 /* Models */,
				FCB661B3295A91C600ABB8A8 /* Service */,
				FC8D0B4E2951576600B229FA /* Supports */,
				FCA38CD9295047C800CD8832 /* Info.plist */,
			);
			path = "Food Around";
			sourceTree = "<group>";
		};
		FCA38CDF29504B0600CD8832 /* Modules */ = {
			isa = PBXGroup;
			children = (
				FCA38CE529504B6C00CD8832 /* SignIn */,
				FC8D0B4D29506A8500B229FA /* SignUp */,
				FC8D0B5129515CFD00B229FA /* OTP */,
				FC8D0B562952ACD600B229FA /* Home */,
				FC788E5B29545BCD00425AB7 /* LocationForm */,
			);
			path = Modules;
			sourceTree = "<group>";
		};
		FCA38CE029504B2300CD8832 /* Application */ = {
			isa = PBXGroup;
			children = (
				FCA38CCB295047C500CD8832 /* AppDelegate.swift */,
				FCA38CCD295047C500CD8832 /* SceneDelegate.swift */,
				FCA38CD4295047C800CD8832 /* Assets.xcassets */,
				FCA38CD6295047C800CD8832 /* LaunchScreen.storyboard */,
			);
			path = Application;
			sourceTree = "<group>";
		};
		FCA38CE529504B6C00CD8832 /* SignIn */ = {
			isa = PBXGroup;
			children = (
				FCA38CE129504B6800CD8832 /* SignInViewController.swift */,
				FCA38CE229504B6800CD8832 /* SignInViewController.xib */,
			);
			path = SignIn;
			sourceTree = "<group>";
		};
		FCB661B3295A91C600ABB8A8 /* Service */ = {
			isa = PBXGroup;
			children = (
				FCB661B4295A91E000ABB8A8 /* BaseService.swift */,
				FCB661BF295AC58500ABB8A8 /* AuthService.swift */,
			);
			path = Service;
			sourceTree = "<group>";
		};
		FCB661B8295A9C7300ABB8A8 /* Models */ = {
			isa = PBXGroup;
			children = (
				FCB661B9295A9CAA00ABB8A8 /* UserInfo.swift */,
				FCB661BB295AA06800ABB8A8 /* ResponseMain.swift */,
			);
			path = Models;
			sourceTree = "<group>";
		};
/* End PBXGroup section */

/* Begin PBXNativeTarget section */
		FCA38CC7295047C500CD8832 /* Food Around */ = {
			isa = PBXNativeTarget;
			buildConfigurationList = FCA38CDC295047C800CD8832 /* Build configuration list for PBXNativeTarget "Food Around" */;
			buildPhases = (
				FA57D3F5B634C61C2305532E /* [CP] Check Pods Manifest.lock */,
				FCA38CC4295047C500CD8832 /* Sources */,
				FCA38CC5295047C500CD8832 /* Frameworks */,
				FCA38CC6295047C500CD8832 /* Resources */,
				414821ACCD0E229F24D2C04F /* [CP] Embed Pods Frameworks */,
			);
			buildRules = (
			);
			dependencies = (
			);
			name = "Food Around";
			productName = "Food Around";
			productReference = FCA38CC8295047C500CD8832 /* Food Around.app */;
			productType = "com.apple.product-type.application";
		};
/* End PBXNativeTarget section */

/* Begin PBXProject section */
		FCA38CC0295047C500CD8832 /* Project object */ = {
			isa = PBXProject;
			attributes = {
				BuildIndependentTargetsInParallel = 1;
				LastSwiftUpdateCheck = 1400;
				LastUpgradeCheck = 1400;
				TargetAttributes = {
					FCA38CC7295047C500CD8832 = {
						CreatedOnToolsVersion = 14.0;
					};
				};
			};
			buildConfigurationList = FCA38CC3295047C500CD8832 /* Build configuration list for PBXProject "Food Around" */;
			compatibilityVersion = "Xcode 13.0";
			developmentRegion = en;
			hasScannedForEncodings = 0;
			knownRegions = (
				en,
				Base,
			);
			mainGroup = FCA38CBF295047C500CD8832;
			productRefGroup = FCA38CC9295047C500CD8832 /* Products */;
			projectDirPath = "";
			projectRoot = "";
			targets = (
				FCA38CC7295047C500CD8832 /* Food Around */,
			);
		};
/* End PBXProject section */

/* Begin PBXResourcesBuildPhase section */
		FCA38CC6295047C500CD8832 /* Resources */ = {
			isa = PBXResourcesBuildPhase;
			buildActionMask = 2147483647;
			files = (
				FCA38CD8295047C800CD8832 /* LaunchScreen.storyboard in Resources */,
				FCA38CE429504B6800CD8832 /* SignInViewController.xib in Resources */,
				FC8D0B4C29506A7F00B229FA /* SignUpViewController.xib in Resources */,
				FCA38CD5295047C800CD8832 /* Assets.xcassets in Resources */,
				FC8D0B5529515D1A00B229FA /* OTPViewController.xib in Resources */,
				FC8D0B5A2952ACF500B229FA /* HomeViewController.xib in Resources */,
				FC788E5F29545CA100425AB7 /* LocationFormViewController.xib in Resources */,
			);
			runOnlyForDeploymentPostprocessing = 0;
		};
/* End PBXResourcesBuildPhase section */

/* Begin PBXShellScriptBuildPhase section */
		414821ACCD0E229F24D2C04F /* [CP] Embed Pods Frameworks */ = {
			isa = PBXShellScriptBuildPhase;
			buildActionMask = 2147483647;
			files = (
			);
			inputFileListPaths = (
				"${PODS_ROOT}/Target Support Files/Pods-Food Around/Pods-Food Around-frameworks-${CONFIGURATION}-input-files.xcfilelist",
			);
			name = "[CP] Embed Pods Frameworks";
			outputFileListPaths = (
				"${PODS_ROOT}/Target Support Files/Pods-Food Around/Pods-Food Around-frameworks-${CONFIGURATION}-output-files.xcfilelist",
			);
			runOnlyForDeploymentPostprocessing = 0;
			shellPath = /bin/sh;
			shellScript = "\"${PODS_ROOT}/Target Support Files/Pods-Food Around/Pods-Food Around-frameworks.sh\"\n";
			showEnvVarsInLog = 0;
		};
		FA57D3F5B634C61C2305532E /* [CP] Check Pods Manifest.lock */ = {
			isa = PBXShellScriptBuildPhase;
			buildActionMask = 2147483647;
			files = (
			);
			inputFileListPaths = (
			);
			inputPaths = (
				"${PODS_PODFILE_DIR_PATH}/Podfile.lock",
				"${PODS_ROOT}/Manifest.lock",
			);
			name = "[CP] Check Pods Manifest.lock";
			outputFileListPaths = (
			);
			outputPaths = (
				"$(DERIVED_FILE_DIR)/Pods-Food Around-checkManifestLockResult.txt",
			);
			runOnlyForDeploymentPostprocessing = 0;
			shellPath = /bin/sh;
			shellScript = "diff \"${PODS_PODFILE_DIR_PATH}/Podfile.lock\" \"${PODS_ROOT}/Manifest.lock\" > /dev/null\nif [ $? != 0 ] ; then\n    # print error to STDERR\n    echo \"error: The sandbox is not in sync with the Podfile.lock. Run 'pod install' or update your CocoaPods installation.\" >&2\n    exit 1\nfi\n# This output is used by Xcode 'outputs' to avoid re-running this script phase.\necho \"SUCCESS\" > \"${SCRIPT_OUTPUT_FILE_0}\"\n";
			showEnvVarsInLog = 0;
		};
/* End PBXShellScriptBuildPhase section */

/* Begin PBXSourcesBuildPhase section */
		FCA38CC4295047C500CD8832 /* Sources */ = {
			isa = PBXSourcesBuildPhase;
			buildActionMask = 2147483647;
			files = (
				FC8D0B5429515D1A00B229FA /* OTPViewController.swift in Sources */,
				FCB661BC295AA06800ABB8A8 /* ResponseMain.swift in Sources */,
				FC8D0B50295157B100B229FA /* BaseController.swift in Sources */,
				FCB661C0295AC58500ABB8A8 /* AuthService.swift in Sources */,
				FCA38CCC295047C500CD8832 /* AppDelegate.swift in Sources */,
				FCB661C2295AC77A00ABB8A8 /* SignUpViewModel.swift in Sources */,
				FCB661BE295AA12200ABB8A8 /* ServiceConstants.swift in Sources */,
				FC788E612955B1A500425AB7 /* HomeViewModel.swift in Sources */,
				FCA38CCE295047C500CD8832 /* SceneDelegate.swift in Sources */,
				FCB661B0295944CF00ABB8A8 /* LocationFormViewModel.swift in Sources */,
				FCB661B7295A99CF00ABB8A8 /* UserDefaults+Ext.swift in Sources */,
				FC8D0B4B29506A7F00B229FA /* SignUpViewController.swift in Sources */,
				FCB661B5295A91E000ABB8A8 /* BaseService.swift in Sources */,
				FC8D0B5D2952B5A700B229FA /* CommonConstants.swift in Sources */,
				FCB661B22959790200ABB8A8 /* CustomTextField.swift in Sources */,
				FC8D0B592952ACF500B229FA /* HomeViewController.swift in Sources */,
				FC788E5E29545CA100425AB7 /* LocationFormViewController.swift in Sources */,
				FCB661BA295A9CAA00ABB8A8 /* UserInfo.swift in Sources */,
				FCA38CE329504B6800CD8832 /* SignInViewController.swift in Sources */,
			);
			runOnlyForDeploymentPostprocessing = 0;
		};
/* End PBXSourcesBuildPhase section */

/* Begin PBXVariantGroup section */
		FCA38CD6295047C800CD8832 /* LaunchScreen.storyboard */ = {
			isa = PBXVariantGroup;
			children = (
				FCA38CD7295047C800CD8832 /* Base */,
			);
			name = LaunchScreen.storyboard;
			sourceTree = "<group>";
		};
/* End PBXVariantGroup section */

/* Begin XCBuildConfiguration section */
		FCA38CDA295047C800CD8832 /* Debug */ = {
			isa = XCBuildConfiguration;
			buildSettings = {
				ALWAYS_SEARCH_USER_PATHS = NO;
				CLANG_ANALYZER_NONNULL = YES;
				CLANG_ANALYZER_NUMBER_OBJECT_CONVERSION = YES_AGGRESSIVE;
				CLANG_CXX_LANGUAGE_STANDARD = "gnu++20";
				CLANG_ENABLE_MODULES = YES;
				CLANG_ENABLE_OBJC_ARC = YES;
				CLANG_ENABLE_OBJC_WEAK = YES;
				CLANG_WARN_BLOCK_CAPTURE_AUTORELEASING = YES;
				CLANG_WARN_BOOL_CONVERSION = YES;
				CLANG_WARN_COMMA = YES;
				CLANG_WARN_CONSTANT_CONVERSION = YES;
				CLANG_WARN_DEPRECATED_OBJC_IMPLEMENTATIONS = YES;
				CLANG_WARN_DIRECT_OBJC_ISA_USAGE = YES_ERROR;
				CLANG_WARN_DOCUMENTATION_COMMENTS = YES;
				CLANG_WARN_EMPTY_BODY = YES;
				CLANG_WARN_ENUM_CONVERSION = YES;
				CLANG_WARN_INFINITE_RECURSION = YES;
				CLANG_WARN_INT_CONVERSION = YES;
				CLANG_WARN_NON_LITERAL_NULL_CONVERSION = YES;
				CLANG_WARN_OBJC_IMPLICIT_RETAIN_SELF = YES;
				CLANG_WARN_OBJC_LITERAL_CONVERSION = YES;
				CLANG_WARN_OBJC_ROOT_CLASS = YES_ERROR;
				CLANG_WARN_QUOTED_INCLUDE_IN_FRAMEWORK_HEADER = YES;
				CLANG_WARN_RANGE_LOOP_ANALYSIS = YES;
				CLANG_WARN_STRICT_PROTOTYPES = YES;
				CLANG_WARN_SUSPICIOUS_MOVE = YES;
				CLANG_WARN_UNGUARDED_AVAILABILITY = YES_AGGRESSIVE;
				CLANG_WARN_UNREACHABLE_CODE = YES;
				CLANG_WARN__DUPLICATE_METHOD_MATCH = YES;
				COPY_PHASE_STRIP = NO;
				DEBUG_INFORMATION_FORMAT = dwarf;
				ENABLE_STRICT_OBJC_MSGSEND = YES;
				ENABLE_TESTABILITY = YES;
				GCC_C_LANGUAGE_STANDARD = gnu11;
				GCC_DYNAMIC_NO_PIC = NO;
				GCC_NO_COMMON_BLOCKS = YES;
				GCC_OPTIMIZATION_LEVEL = 0;
				GCC_PREPROCESSOR_DEFINITIONS = (
					"DEBUG=1",
					"$(inherited)",
				);
				GCC_WARN_64_TO_32_BIT_CONVERSION = YES;
				GCC_WARN_ABOUT_RETURN_TYPE = YES_ERROR;
				GCC_WARN_UNDECLARED_SELECTOR = YES;
				GCC_WARN_UNINITIALIZED_AUTOS = YES_AGGRESSIVE;
				GCC_WARN_UNUSED_FUNCTION = YES;
				GCC_WARN_UNUSED_VARIABLE = YES;
				IPHONEOS_DEPLOYMENT_TARGET = 14.0;
				MTL_ENABLE_DEBUG_INFO = INCLUDE_SOURCE;
				MTL_FAST_MATH = YES;
				ONLY_ACTIVE_ARCH = YES;
				SDKROOT = iphoneos;
				SWIFT_ACTIVE_COMPILATION_CONDITIONS = DEBUG;
				SWIFT_OPTIMIZATION_LEVEL = "-Onone";
			};
			name = Debug;
		};
		FCA38CDB295047C800CD8832 /* Release */ = {
			isa = XCBuildConfiguration;
			buildSettings = {
				ALWAYS_SEARCH_USER_PATHS = NO;
				CLANG_ANALYZER_NONNULL = YES;
				CLANG_ANALYZER_NUMBER_OBJECT_CONVERSION = YES_AGGRESSIVE;
				CLANG_CXX_LANGUAGE_STANDARD = "gnu++20";
				CLANG_ENABLE_MODULES = YES;
				CLANG_ENABLE_OBJC_ARC = YES;
				CLANG_ENABLE_OBJC_WEAK = YES;
				CLANG_WARN_BLOCK_CAPTURE_AUTORELEASING = YES;
				CLANG_WARN_BOOL_CONVERSION = YES;
				CLANG_WARN_COMMA = YES;
				CLANG_WARN_CONSTANT_CONVERSION = YES;
				CLANG_WARN_DEPRECATED_OBJC_IMPLEMENTATIONS = YES;
				CLANG_WARN_DIRECT_OBJC_ISA_USAGE = YES_ERROR;
				CLANG_WARN_DOCUMENTATION_COMMENTS = YES;
				CLANG_WARN_EMPTY_BODY = YES;
				CLANG_WARN_ENUM_CONVERSION = YES;
				CLANG_WARN_INFINITE_RECURSION = YES;
				CLANG_WARN_INT_CONVERSION = YES;
				CLANG_WARN_NON_LITERAL_NULL_CONVERSION = YES;
				CLANG_WARN_OBJC_IMPLICIT_RETAIN_SELF = YES;
				CLANG_WARN_OBJC_LITERAL_CONVERSION = YES;
				CLANG_WARN_OBJC_ROOT_CLASS = YES_ERROR;
				CLANG_WARN_QUOTED_INCLUDE_IN_FRAMEWORK_HEADER = YES;
				CLANG_WARN_RANGE_LOOP_ANALYSIS = YES;
				CLANG_WARN_STRICT_PROTOTYPES = YES;
				CLANG_WARN_SUSPICIOUS_MOVE = YES;
				CLANG_WARN_UNGUARDED_AVAILABILITY = YES_AGGRESSIVE;
				CLANG_WARN_UNREACHABLE_CODE = YES;
				CLANG_WARN__DUPLICATE_METHOD_MATCH = YES;
				COPY_PHASE_STRIP = NO;
				DEBUG_INFORMATION_FORMAT = "dwarf-with-dsym";
				ENABLE_NS_ASSERTIONS = NO;
				ENABLE_STRICT_OBJC_MSGSEND = YES;
				GCC_C_LANGUAGE_STANDARD = gnu11;
				GCC_NO_COMMON_BLOCKS = YES;
				GCC_WARN_64_TO_32_BIT_CONVERSION = YES;
				GCC_WARN_ABOUT_RETURN_TYPE = YES_ERROR;
				GCC_WARN_UNDECLARED_SELECTOR = YES;
				GCC_WARN_UNINITIALIZED_AUTOS = YES_AGGRESSIVE;
				GCC_WARN_UNUSED_FUNCTION = YES;
				GCC_WARN_UNUSED_VARIABLE = YES;
				IPHONEOS_DEPLOYMENT_TARGET = 14.0;
				MTL_ENABLE_DEBUG_INFO = NO;
				MTL_FAST_MATH = YES;
				SDKROOT = iphoneos;
				SWIFT_COMPILATION_MODE = wholemodule;
				SWIFT_OPTIMIZATION_LEVEL = "-O";
				VALIDATE_PRODUCT = YES;
			};
			name = Release;
		};
		FCA38CDD295047C800CD8832 /* Debug */ = {
			isa = XCBuildConfiguration;
			baseConfigurationReference = 6EBE40A509065DE69B1C928C /* Pods-Food Around.debug.xcconfig */;
			buildSettings = {
				ASSETCATALOG_COMPILER_APPICON_NAME = AppIcon;
				ASSETCATALOG_COMPILER_GLOBAL_ACCENT_COLOR_NAME = AccentColor;
				CODE_SIGN_STYLE = Automatic;
				CURRENT_PROJECT_VERSION = 1;
				DEVELOPMENT_TEAM = AQKCQ33V6N;
				GENERATE_INFOPLIST_FILE = YES;
				INFOPLIST_FILE = "Food Around/Info.plist";
				INFOPLIST_KEY_UIApplicationSupportsIndirectInputEvents = YES;
				INFOPLIST_KEY_UILaunchStoryboardName = LaunchScreen;
				INFOPLIST_KEY_UISupportedInterfaceOrientations_iPad = "UIInterfaceOrientationPortrait UIInterfaceOrientationPortraitUpsideDown UIInterfaceOrientationLandscapeLeft UIInterfaceOrientationLandscapeRight";
				INFOPLIST_KEY_UISupportedInterfaceOrientations_iPhone = "UIInterfaceOrientationPortrait UIInterfaceOrientationLandscapeLeft UIInterfaceOrientationLandscapeRight";
				IPHONEOS_DEPLOYMENT_TARGET = 14.0;
				LD_RUNPATH_SEARCH_PATHS = (
					"$(inherited)",
					"@executable_path/Frameworks",
				);
				MARKETING_VERSION = 1.0;
				PRODUCT_BUNDLE_IDENTIFIER = "com.thinhnguyenphuc.Food-Around";
				PRODUCT_NAME = "$(TARGET_NAME)";
				SWIFT_EMIT_LOC_STRINGS = YES;
				SWIFT_VERSION = 5.0;
				TARGETED_DEVICE_FAMILY = "1,2";
			};
			name = Debug;
		};
		FCA38CDE295047C800CD8832 /* Release */ = {
			isa = XCBuildConfiguration;
			baseConfigurationReference = 699C59006C6AA96194B49B92 /* Pods-Food Around.release.xcconfig */;
			buildSettings = {
				ASSETCATALOG_COMPILER_APPICON_NAME = AppIcon;
				ASSETCATALOG_COMPILER_GLOBAL_ACCENT_COLOR_NAME = AccentColor;
				CODE_SIGN_STYLE = Automatic;
				CURRENT_PROJECT_VERSION = 1;
				DEVELOPMENT_TEAM = AQKCQ33V6N;
				GENERATE_INFOPLIST_FILE = YES;
				INFOPLIST_FILE = "Food Around/Info.plist";
				INFOPLIST_KEY_UIApplicationSupportsIndirectInputEvents = YES;
				INFOPLIST_KEY_UILaunchStoryboardName = LaunchScreen;
				INFOPLIST_KEY_UISupportedInterfaceOrientations_iPad = "UIInterfaceOrientationPortrait UIInterfaceOrientationPortraitUpsideDown UIInterfaceOrientationLandscapeLeft UIInterfaceOrientationLandscapeRight";
				INFOPLIST_KEY_UISupportedInterfaceOrientations_iPhone = "UIInterfaceOrientationPortrait UIInterfaceOrientationLandscapeLeft UIInterfaceOrientationLandscapeRight";
				IPHONEOS_DEPLOYMENT_TARGET = 14.0;
				LD_RUNPATH_SEARCH_PATHS = (
					"$(inherited)",
					"@executable_path/Frameworks",
				);
				MARKETING_VERSION = 1.0;
				PRODUCT_BUNDLE_IDENTIFIER = "com.thinhnguyenphuc.Food-Around";
				PRODUCT_NAME = "$(TARGET_NAME)";
				SWIFT_EMIT_LOC_STRINGS = YES;
				SWIFT_VERSION = 5.0;
				TARGETED_DEVICE_FAMILY = "1,2";
			};
			name = Release;
		};
/* End XCBuildConfiguration section */

/* Begin XCConfigurationList section */
		FCA38CC3295047C500CD8832 /* Build configuration list for PBXProject "Food Around" */ = {
			isa = XCConfigurationList;
			buildConfigurations = (
				FCA38CDA295047C800CD8832 /* Debug */,
				FCA38CDB295047C800CD8832 /* Release */,
			);
			defaultConfigurationIsVisible = 0;
			defaultConfigurationName = Release;
		};
		FCA38CDC295047C800CD8832 /* Build configuration list for PBXNativeTarget "Food Around" */ = {
			isa = XCConfigurationList;
			buildConfigurations = (
				FCA38CDD295047C800CD8832 /* Debug */,
				FCA38CDE295047C800CD8832 /* Release */,
			);
			defaultConfigurationIsVisible = 0;
			defaultConfigurationName = Release;
		};
/* End XCConfigurationList section */
	};
	rootObject = FCA38CC0295047C500CD8832 /* Project object */;
}
